PODS:
  - Backendless (5.2.6):
    - Socket.IO-Client-Swift
  - Socket.IO-Client-Swift (13.3.1):
    - Starscream (~> 3.0.2)
  - Starscream (3.0.6)

DEPENDENCIES:
  - Backendless

SPEC REPOS:
  https://github.com/cocoapods/specs.git:
    - Backendless
    - Socket.IO-Client-Swift
    - Starscream

SPEC CHECKSUMS:
  Backendless: bd64a7c34ac7b30e32f0b7b782d6d53c67940980
  Socket.IO-Client-Swift: 79f8f85fa44881838175a20f9bd2c32bef2c9d37
  Starscream: ef3ece99d765eeccb67de105bfa143f929026cf5

PODFILE CHECKSUM: b6b77150cbd0440a2e85a02c3e3ee7186ffb227d

COCOAPODS: 1.5.3
